{
  "name": "minimal-halo-stats",
  "version": "1.0.0",
  "lockfileVersion": 3,
  "requires": true,
  "packages": {
    "": {
      "name": "minimal-halo-stats",
      "version": "1.0.0",
      "dependencies": {
        "@dendotdev/conch": "1.0.1",
        "@dendotdev/grunt": "1.0.3"
      },
      "devDependencies": {
        "@types/node": "^20.0.0",
        "typescript": "^5.0.0"
      },
      "engines": {
        "node": ">=18.0.0"
      }
    },
    "node_modules/@dendotdev/conch": {
      "version": "1.0.1",
      "resolved": "https://registry.npmjs.org/@dendotdev/conch/-/conch-1.0.1.tgz",
      "integrity": "sha512-0bUO7/TB7Tb2XTMXOm6FEp/ifYMUvp+Io/HLRNdKMg5Zfm6lUCjODXysqflqvxDBy7UNfVAlk6l0w6zlfmrmaA==",
      "license": "MIT",
      "engines": {
        "node": ">=18.0.0"
      }
    },
    "node_modules/@dendotdev/grunt": {
      "version": "1.0.3",
      "resolved": "https://registry.npmjs.org/@dendotdev/grunt/-/grunt-1.0.3.tgz",
      "integrity": "sha512-PQ8OJsjR0PJz6oxMmO05XD/ec2AxN+iucKMt790oqp2ZQM6NMdoyNhijYww08A/l3QwGCGJCkAOqtT4di+KG3A==",
      "license": "MIT",
      "dependencies": {
        "lru-cache": "^11.0.0"
      },
      "engines": {
        "node": ">=18.0.0"
      }
    },
    "node_modules/@types/node": {
      "version": "20.19.30",
      "resolved": "https://registry.npmjs.org/@types/node/-/node-20.19.30.tgz",
      "integrity": "sha512-WJtwWJu7UdlvzEAUm484QNg5eAoq5QR08KDNx7g45Usrs2NtOPiX8ugDqmKdXkyL03rBqU5dYNYVQetEpBHq2g==",
      "dev": true,
      "license": "MIT",
      "dependencies": {
        "undici-types": "~6.21.0"
      }
    },
    "node_modules/lru-cache": {
      "version": "11.2.5",
      "resolved": "https://registry.npmjs.org/lru-cache/-/lru-cache-11.2.5.tgz",
      "integrity": "sha512-vFrFJkWtJvJnD5hg+hJvVE8Lh/TcMzKnTgCWmtBipwI5yLX/iX+5UB2tfuyODF5E7k9xEzMdYgGqaSb1c0c5Yw==",
      "license": "BlueOak-1.0.0",
      "engines": {
        "node": "20 || >=22"
      }
    },
    "node_modules/typescript": {
      "version": "5.9.3",
      "resolved": "https://registry.npmjs.org/typescript/-/typescript-5.9.3.tgz",
      "integrity": "sha512-jl1vZzPDinLr9eUt3J/t7V6FgNEw9QjvBPdysz9KfQDD41fQrC2Y4vKQdiaUpFT4bXlb1RHhLpp8wtm6M5TgSw==",
      "dev": true,
      "license": "Apache-2.0",
      "bin": {
        "tsc": "bin/tsc",
        "tsserver": "bin/tsserver"
      },
      "engines": {
        "node": ">=14.17"
      }
    },
    "node_modules/undici-types": {
      "version": "6.21.0",
      "resolved": "https://registry.npmjs.org/undici-types/-/undici-types-6.21.0.tgz",
      "integrity": "sha512-iwDZqg0QAGrg9Rav5H4n0M64c3mkR59cJ6wQp+7C4nI0gsmExaedaYLNO44eT4AtBBwjbTiGPMlt2Md0T9H9JQ==",
      "dev": true,
      "license": "MIT"
    }
  }
}
